
Microsoft Visual Studio Solution File, Format Version 12.00
# Visual Studio Version 17
VisualStudioVersion = 17.0.31903.59
MinimumVisualStudioVersion = 10.0.40219.1
Project("{FAE04EC0-301F-11D3-BF4B-00C04F79EFBC}") = "Appointment.AppHost", "Appointment.AppHost\Appointment.AppHost.csproj", "{0EF036A6-BAAE-4AF1-BC91-4DA633FED1FC}"
EndProject
Project("{FAE04EC0-301F-11D3-BF4B-00C04F79EFBC}") = "Appointment.API", "Appointment.API\Appointment.API.csproj", "{95D011AA-52A3-4F05-B8E5-B6EC95CF1DE6}"
EndProject
Project("{FAE04EC0-301F-11D3-BF4B-00C04F79EFBC}") = "Appointment.Shared", "Appointment.Shared\Appointment.Shared.csproj", "{46D920AA-D9E7-49F1-A31B-96832A31A844}"
EndProject
Project("{FAE04EC0-301F-11D3-BF4B-00C04F79EFBC}") = "Appointment.ServiceDefaults", "Appointment.ServiceDefaults\Appointment.ServiceDefaults.csproj", "{57801AD3-4FC0-4957-A2B0-85388BA7444D}"
EndProject
Project("{FAE04EC0-301F-11D3-BF4B-00C04F79EFBC}") = "Appointment.ScheduleService", "Appointment.ScheduleService\Appointment.ScheduleService.csproj", "{0AD7458C-B112-461E-8EF3-9EBB005DA75D}"
EndProject
Project("{FAE04EC0-301F-11D3-BF4B-00C04F79EFBC}") = "Appointment.InsuranceGateway", "Appointment.InsuranceGateway\Appointment.InsuranceGateway.csproj", "{32ACFAE6-C57B-4B57-9128-8B42A358B8CC}"
EndProject
Project("{FAE04EC0-301F-11D3-BF4B-00C04F79EFBC}") = "Appointment.NotificationService", "Appointment.NotificationService\Appointment.NotificationService.csproj", "{13479F89-0AF5-4724-B16D-FD273327E2F4}"
EndProject
Project("{2150E333-8FDC-42A3-9474-1A3956D46DE8}") = "tests", "tests", "{0AB3BF05-4346-4AA6-1389-037BE0695223}"
EndProject
Project("{FAE04EC0-301F-11D3-BF4B-00C04F79EFBC}") = "Appointment.IntegrationTests", "tests\Appointment.IntegrationTests\Appointment.IntegrationTests.csproj", "{839EB167-EC6A-4416-8666-E1BBA0795A38}"
EndProject
Project("{FAE04EC0-301F-11D3-BF4B-00C04F79EFBC}") = "Appointment.Dashboard", "Appointment.Dashboard\Appointment.Dashboard.csproj", "{17F101CA-A767-431A-B7BA-213106768923}"
EndProject
Global
	GlobalSection(SolutionConfigurationPlatforms) = preSolution
		Debug|Any CPU = Debug|Any CPU
		Debug|x64 = Debug|x64
		Debug|x86 = Debug|x86
		Release|Any CPU = Release|Any CPU
		Release|x64 = Release|x64
		Release|x86 = Release|x86
	EndGlobalSection
	GlobalSection(ProjectConfigurationPlatforms) = postSolution
		{0EF036A6-BAAE-4AF1-BC91-4DA633FED1FC}.Debug|Any CPU.ActiveCfg = Debug|Any CPU
		{0EF036A6-BAAE-4AF1-BC91-4DA633FED1FC}.Debug|Any CPU.Build.0 = Debug|Any CPU
		{0EF036A6-BAAE-4AF1-BC91-4DA633FED1FC}.Debug|x64.ActiveCfg = Debug|Any CPU
		{0EF036A6-BAAE-4AF1-BC91-4DA633FED1FC}.Debug|x64.Build.0 = Debug|Any CPU
		{0EF036A6-BAAE-4AF1-BC91-4DA633FED1FC}.Debug|x86.ActiveCfg = Debug|Any CPU
		{0EF036A6-BAAE-4AF1-BC91-4DA633FED1FC}.Debug|x86.Build.0 = Debug|Any CPU
		{0EF036A6-BAAE-4AF1-BC91-4DA633FED1FC}.Release|Any CPU.ActiveCfg = Release|Any CPU
		{0EF036A6-BAAE-4AF1-BC91-4DA633FED1FC}.Release|Any CPU.Build.0 = Release|Any CPU
		{0EF036A6-BAAE-4AF1-BC91-4DA633FED1FC}.Release|x64.ActiveCfg = Release|Any CPU
		{0EF036A6-BAAE-4AF1-BC91-4DA633FED1FC}.Release|x64.Build.0 = Release|Any CPU
		{0EF036A6-BAAE-4AF1-BC91-4DA633FED1FC}.Release|x86.ActiveCfg = Release|Any CPU
		{0EF036A6-BAAE-4AF1-BC91-4DA633FED1FC}.Release|x86.Build.0 = Release|Any CPU
		{95D011AA-52A3-4F05-B8E5-B6EC95CF1DE6}.Debug|Any CPU.ActiveCfg = Debug|Any CPU
		{95D011AA-52A3-4F05-B8E5-B6EC95CF1DE6}.Debug|Any CPU.Build.0 = Debug|Any CPU
		{95D011AA-52A3-4F05-B8E5-B6EC95CF1DE6}.Debug|x64.ActiveCfg = Debug|Any CPU
		{95D011AA-52A3-4F05-B8E5-B6EC95CF1DE6}.Debug|x64.Build.0 = Debug|Any CPU
		{95D011AA-52A3-4F05-B8E5-B6EC95CF1DE6}.Debug|x86.ActiveCfg = Debug|Any CPU
		{95D011AA-52A3-4F05-B8E5-B6EC95CF1DE6}.Debug|x86.Build.0 = Debug|Any CPU
		{95D011AA-52A3-4F05-B8E5-B6EC95CF1DE6}.Release|Any CPU.ActiveCfg = Release|Any CPU
		{95D011AA-52A3-4F05-B8E5-B6EC95CF1DE6}.Release|Any CPU.Build.0 = Release|Any CPU
		{95D011AA-52A3-4F05-B8E5-B6EC95CF1DE6}.Release|x64.ActiveCfg = Release|Any CPU
		{95D011AA-52A3-4F05-B8E5-B6EC95CF1DE6}.Release|x64.Build.0 = Release|Any CPU
		{95D011AA-52A3-4F05-B8E5-B6EC95CF1DE6}.Release|x86.ActiveCfg = Release|Any CPU
		{95D011AA-52A3-4F05-B8E5-B6EC95CF1DE6}.Release|x86.Build.0 = Release|Any CPU
		{46D920AA-D9E7-49F1-A31B-96832A31A844}.Debug|Any CPU.ActiveCfg = Debug|Any CPU
		{46D920AA-D9E7-49F1-A31B-96832A31A844}.Debug|Any CPU.Build.0 = Debug|Any CPU
		{46D920AA-D9E7-49F1-A31B-96832A31A844}.Debug|x64.ActiveCfg = Debug|Any CPU
		{46D920AA-D9E7-49F1-A31B-96832A31A844}.Debug|x64.Build.0 = Debug|Any CPU
		{46D920AA-D9E7-49F1-A31B-96832A31A844}.Debug|x86.ActiveCfg = Debug|Any CPU
		{46D920AA-D9E7-49F1-A31B-96832A31A844}.Debug|x86.Build.0 = Debug|Any CPU
		{46D920AA-D9E7-49F1-A31B-96832A31A844}.Release|Any CPU.ActiveCfg = Release|Any CPU
		{46D920AA-D9E7-49F1-A31B-96832A31A844}.Release|Any CPU.Build.0 = Release|Any CPU
		{46D920AA-D9E7-49F1-A31B-96832A31A844}.Release|x64.ActiveCfg = Release|Any CPU
		{46D920AA-D9E7-49F1-A31B-96832A31A844}.Release|x64.Build.0 = Release|Any CPU
		{46D920AA-D9E7-49F1-A31B-96832A31A844}.Release|x86.ActiveCfg = Release|Any CPU
		{46D920AA-D9E7-49F1-A31B-96832A31A844}.Release|x86.Build.0 = Release|Any CPU
		{57801AD3-4FC0-4957-A2B0-85388BA7444D}.Debug|Any CPU.ActiveCfg = Debug|Any CPU
		{57801AD3-4FC0-4957-A2B0-85388BA7444D}.Debug|Any CPU.Build.0 = Debug|Any CPU
		{57801AD3-4FC0-4957-A2B0-85388BA7444D}.Debug|x64.ActiveCfg = Debug|Any CPU
		{57801AD3-4FC0-4957-A2B0-85388BA7444D}.Debug|x64.Build.0 = Debug|Any CPU
		{57801AD3-4FC0-4957-A2B0-85388BA7444D}.Debug|x86.ActiveCfg = Debug|Any CPU
		{57801AD3-4FC0-4957-A2B0-85388BA7444D}.Debug|x86.Build.0 = Debug|Any CPU
		{57801AD3-4FC0-4957-A2B0-85388BA7444D}.Release|Any CPU.ActiveCfg = Release|Any CPU
		{57801AD3-4FC0-4957-A2B0-85388BA7444D}.Release|Any CPU.Build.0 = Release|Any CPU
		{57801AD3-4FC0-4957-A2B0-85388BA7444D}.Release|x64.ActiveCfg = Release|Any CPU
		{57801AD3-4FC0-4957-A2B0-85388BA7444D}.Release|x64.Build.0 = Release|Any CPU
		{57801AD3-4FC0-4957-A2B0-85388BA7444D}.Release|x86.ActiveCfg = Release|Any CPU
		{57801AD3-4FC0-4957-A2B0-85388BA7444D}.Release|x86.Build.0 = Release|Any CPU
		{0AD7458C-B112-461E-8EF3-9EBB005DA75D}.Debug|Any CPU.ActiveCfg = Debug|Any CPU
		{0AD7458C-B112-461E-8EF3-9EBB005DA75D}.Debug|Any CPU.Build.0 = Debug|Any CPU
		{0AD7458C-B112-461E-8EF3-9EBB005DA75D}.Debug|x64.ActiveCfg = Debug|Any CPU
		{0AD7458C-B112-461E-8EF3-9EBB005DA75D}.Debug|x64.Build.0 = Debug|Any CPU
		{0AD7458C-B112-461E-8EF3-9EBB005DA75D}.Debug|x86.ActiveCfg = Debug|Any CPU
		{0AD7458C-B112-461E-8EF3-9EBB005DA75D}.Debug|x86.Build.0 = Debug|Any CPU
		{0AD7458C-B112-461E-8EF3-9EBB005DA75D}.Release|Any CPU.ActiveCfg = Release|Any CPU
		{0AD7458C-B112-461E-8EF3-9EBB005DA75D}.Release|Any CPU.Build.0 = Release|Any CPU
		{0AD7458C-B112-461E-8EF3-9EBB005DA75D}.Release|x64.ActiveCfg = Release|Any CPU
		{0AD7458C-B112-461E-8EF3-9EBB005DA75D}.Release|x64.Build.0 = Release|Any CPU
		{0AD7458C-B112-461E-8EF3-9EBB005DA75D}.Release|x86.ActiveCfg = Release|Any CPU
		{0AD7458C-B112-461E-8EF3-9EBB005DA75D}.Release|x86.Build.0 = Release|Any CPU
		{32ACFAE6-C57B-4B57-9128-8B42A358B8CC}.Debug|Any CPU.ActiveCfg = Debug|Any CPU
		{32ACFAE6-C57B-4B57-9128-8B42A358B8CC}.Debug|Any CPU.Build.0 = Debug|Any CPU
		{32ACFAE6-C57B-4B57-9128-8B42A358B8CC}.Debug|x64.ActiveCfg = Debug|Any CPU
		{32ACFAE6-C57B-4B57-9128-8B42A358B8CC}.Debug|x64.Build.0 = Debug|Any CPU
		{32ACFAE6-C57B-4B57-9128-8B42A358B8CC}.Debug|x86.ActiveCfg = Debug|Any CPU
		{32ACFAE6-C57B-4B57-9128-8B42A358B8CC}.Debug|x86.Build.0 = Debug|Any CPU
		{32ACFAE6-C57B-4B57-9128-8B42A358B8CC}.Release|Any CPU.ActiveCfg = Release|Any CPU
		{32ACFAE6-C57B-4B57-9128-8B42A358B8CC}.Release|Any CPU.Build.0 = Release|Any CPU
		{32ACFAE6-C57B-4B57-9128-8B42A358B8CC}.Release|x64.ActiveCfg = Release|Any CPU
		{32ACFAE6-C57B-4B57-9128-8B42A358B8CC}.Release|x64.Build.0 = Release|Any CPU
		{32ACFAE6-C57B-4B57-9128-8B42A358B8CC}.Release|x86.ActiveCfg = Release|Any CPU
		{32ACFAE6-C57B-4B57-9128-8B42A358B8CC}.Release|x86.Build.0 = Release|Any CPU
		{13479F89-0AF5-4724-B16D-FD273327E2F4}.Debug|Any CPU.ActiveCfg = Debug|Any CPU
		{13479F89-0AF5-4724-B16D-FD273327E2F4}.Debug|Any CPU.Build.0 = Debug|Any CPU
		{13479F89-0AF5-4724-B16D-FD273327E2F4}.Debug|x64.ActiveCfg = Debug|Any CPU
		{13479F89-0AF5-4724-B16D-FD273327E2F4}.Debug|x64.Build.0 = Debug|Any CPU
		{13479F89-0AF5-4724-B16D-FD273327E2F4}.Debug|x86.ActiveCfg = Debug|Any CPU
		{13479F89-0AF5-4724-B16D-FD273327E2F4}.Debug|x86.Build.0 = Debug|Any CPU
		{13479F89-0AF5-4724-B16D-FD273327E2F4}.Release|Any CPU.ActiveCfg = Release|Any CPU
		{13479F89-0AF5-4724-B16D-FD273327E2F4}.Release|Any CPU.Build.0 = Release|Any CPU
		{13479F89-0AF5-4724-B16D-FD273327E2F4}.Release|x64.ActiveCfg = Release|Any CPU
		{13479F89-0AF5-4724-B16D-FD273327E2F4}.Release|x64.Build.0 = Release|Any CPU
		{13479F89-0AF5-4724-B16D-FD273327E2F4}.Release|x86.ActiveCfg = Release|Any CPU
		{13479F89-0AF5-4724-B16D-FD273327E2F4}.Release|x86.Build.0 = Release|Any CPU
		{839EB167-EC6A-4416-8666-E1BBA0795A38}.Debug|Any CPU.ActiveCfg = Debug|Any CPU
		{839EB167-EC6A-4416-8666-E1BBA0795A38}.Debug|Any CPU.Build.0 = Debug|Any CPU
		{839EB167-EC6A-4416-8666-E1BBA0795A38}.Debug|x64.ActiveCfg = Debug|Any CPU
		{839EB167-EC6A-4416-8666-E1BBA0795A38}.Debug|x64.Build.0 = Debug|Any CPU
		{839EB167-EC6A-4416-8666-E1BBA0795A38}.Debug|x86.ActiveCfg = Debug|Any CPU
		{839EB167-EC6A-4416-8666-E1BBA0795A38}.Debug|x86.Build.0 = Debug|Any CPU
		{839EB167-EC6A-4416-8666-E1BBA0795A38}.Release|Any CPU.ActiveCfg = Release|Any CPU
		{839EB167-EC6A-4416-8666-E1BBA0795A38}.Release|Any CPU.Build.0 = Release|Any CPU
		{839EB167-EC6A-4416-8666-E1BBA0795A38}.Release|x64.ActiveCfg = Release|Any CPU
		{839EB167-EC6A-4416-8666-E1BBA0795A38}.Release|x64.Build.0 = Release|Any CPU
		{839EB167-EC6A-4416-8666-E1BBA0795A38}.Release|x86.ActiveCfg = Release|Any CPU
		{839EB167-EC6A-4416-8666-E1BBA0795A38}.Release|x86.Build.0 = Release|Any CPU
		{17F101CA-A767-431A-B7BA-213106768923}.Debug|Any CPU.ActiveCfg = Debug|Any CPU
		{17F101CA-A767-431A-B7BA-213106768923}.Debug|Any CPU.Build.0 = Debug|Any CPU
		{17F101CA-A767-431A-B7BA-213106768923}.Debug|x64.ActiveCfg = Debug|Any CPU
		{17F101CA-A767-431A-B7BA-213106768923}.Debug|x64.Build.0 = Debug|Any CPU
		{17F101CA-A767-431A-B7BA-213106768923}.Debug|x86.ActiveCfg = Debug|Any CPU
		{17F101CA-A767-431A-B7BA-213106768923}.Debug|x86.Build.0 = Debug|Any CPU
		{17F101CA-A767-431A-B7BA-213106768923}.Release|Any CPU.ActiveCfg = Release|Any CPU
		{17F101CA-A767-431A-B7BA-213106768923}.Release|Any CPU.Build.0 = Release|Any CPU
		{17F101CA-A767-431A-B7BA-213106768923}.Release|x64.ActiveCfg = Release|Any CPU
		{17F101CA-A767-431A-B7BA-213106768923}.Release|x64.Build.0 = Release|Any CPU
		{17F101CA-A767-431A-B7BA-213106768923}.Release|x86.ActiveCfg = Release|Any CPU
		{17F101CA-A767-431A-B7BA-213106768923}.Release|x86.Build.0 = Release|Any CPU
	EndGlobalSection
	GlobalSection(SolutionProperties) = preSolution
		HideSolutionNode = FALSE
	EndGlobalSection
	GlobalSection(NestedProjects) = preSolution
		{839EB167-EC6A-4416-8666-E1BBA0795A38} = {0AB3BF05-4346-4AA6-1389-037BE0695223}
	EndGlobalSection
EndGlobal
